
Microsoft Visual Studio Solution File, Format Version 12.00
# Visual Studio 14
VisualStudioVersion = 14.0.25420.1
MinimumVisualStudioVersion = 10.0.40219.1
Project("{FAE04EC0-301F-11D3-BF4B-00C04F79EFBC}") = "HRM", "HRM\HRM.csproj", "{64346940-A316-459F-B4F1-307DD4180563}"
EndProject
Global
	GlobalSection(SolutionConfigurationPlatforms) = preSolution
		Debug|Any CPU = Debug|Any CPU
		Release|Any CPU = Release|Any CPU
	EndGlobalSection
	GlobalSection(ProjectConfigurationPlatforms) = postSolution
		{64346940-A316-459F-B4F1-307DD4180563}.Debug|Any CPU.ActiveCfg = Debug|Any CPU
		{64346940-A316-459F-B4F1-307DD4180563}.Debug|Any CPU.Build.0 = Debug|Any CPU
		{64346940-A316-459F-B4F1-307DD4180563}.Release|Any CPU.ActiveCfg = Release|Any CPU
		{64346940-A316-459F-B4F1-307DD4180563}.Release|Any CPU.Build.0 = Release|Any CPU
	EndGlobalSection
	GlobalSection(SolutionProperties) = preSolution
		HideSolutionNode = FALSE
	EndGlobalSection
EndGlobal
